
Microsoft Visual Studio Solution File, Format Version 12.00
# Visual Studio Version 17
VisualStudioVersion = 17.9.34622.214
MinimumVisualStudioVersion = 10.0.40219.1
Project("{FAE04EC0-301F-11D3-BF4B-00C04F79EFBC}") = "Mission10_Ashcroft", "Mission10_Ashcroft.csproj", "{FB479EEB-42B9-44CC-8865-5F5FDC4F9956}"
EndProject
Global
	GlobalSection(SolutionConfigurationPlatforms) = preSolution
		Debug|Any CPU = Debug|Any CPU
		Release|Any CPU = Release|Any CPU
	EndGlobalSection
	GlobalSection(ProjectConfigurationPlatforms) = postSolution
		{FB479EEB-42B9-44CC-8865-5F5FDC4F9956}.Debug|Any CPU.ActiveCfg = Debug|Any CPU
		{FB479EEB-42B9-44CC-8865-5F5FDC4F9956}.Debug|Any CPU.Build.0 = Debug|Any CPU
		{FB479EEB-42B9-44CC-8865-5F5FDC4F9956}.Release|Any CPU.ActiveCfg = Release|Any CPU
		{FB479EEB-42B9-44CC-8865-5F5FDC4F9956}.Release|Any CPU.Build.0 = Release|Any CPU
	EndGlobalSection
	GlobalSection(SolutionProperties) = preSolution
		HideSolutionNode = FALSE
	EndGlobalSection
	GlobalSection(ExtensibilityGlobals) = postSolution
		SolutionGuid = {463C1E0D-969E-48F6-93F1-B11EB8FC6DEF}
	EndGlobalSection
EndGlobal
